<Solution>
  <Folder Name="/src/">
    <Project Path="src/BB.Chalices.Core/BB.Chalices.Core.csproj" />
    <Project Path="src/BB.Chalices.Data/BB.Chalices.Data.csproj" />
    <Project Path="src/BB.Chalices.Services/BB.Chalices.Services.csproj" />
  </Folder>
  <Folder Name="/tests/">
    <Project Path="tests/BB.Chalices.Core.Tests/BB.Chalices.Core.Tests.csproj" />
    <Project Path="tests/BB.Chalices.Services.Tests/BB.Chalices.Services.Tests.csproj" />
  </Folder>
</Solution>
